
Microsoft Visual Studio Solution File, Format Version 12.00
# Visual Studio 2013
VisualStudioVersion = 12.0.31101.0
MinimumVisualStudioVersion = 10.0.40219.1
Project("{FAE04EC0-301F-11D3-BF4B-00C04F79EFBC}") = "XmrToApi.Net.Demo", "XmrToApi.Net.Demo\XmrToApi.Net.Demo.csproj", "{FDFFB01E-B850-40D7-9B25-D19C196EF99D}"
EndProject
Project("{FAE04EC0-301F-11D3-BF4B-00C04F79EFBC}") = "XmrToApi.Net", "XmrToApi.Net\XmrToApi.Net.csproj", "{032BAB9D-0B3C-4312-943B-2FFEFEBAD596}"
EndProject
Global
	GlobalSection(SolutionConfigurationPlatforms) = preSolution
		Debug|x86 = Debug|x86
		Release|x86 = Release|x86
	EndGlobalSection
	GlobalSection(ProjectConfigurationPlatforms) = postSolution
		{FDFFB01E-B850-40D7-9B25-D19C196EF99D}.Debug|x86.ActiveCfg = Debug|x86
		{FDFFB01E-B850-40D7-9B25-D19C196EF99D}.Debug|x86.Build.0 = Debug|x86
		{FDFFB01E-B850-40D7-9B25-D19C196EF99D}.Release|x86.ActiveCfg = Release|x86
		{FDFFB01E-B850-40D7-9B25-D19C196EF99D}.Release|x86.Build.0 = Release|x86
		{032BAB9D-0B3C-4312-943B-2FFEFEBAD596}.Debug|x86.ActiveCfg = Debug|x86
		{032BAB9D-0B3C-4312-943B-2FFEFEBAD596}.Debug|x86.Build.0 = Debug|x86
		{032BAB9D-0B3C-4312-943B-2FFEFEBAD596}.Release|x86.ActiveCfg = Release|x86
		{032BAB9D-0B3C-4312-943B-2FFEFEBAD596}.Release|x86.Build.0 = Release|x86
	EndGlobalSection
	GlobalSection(SolutionProperties) = preSolution
		HideSolutionNode = FALSE
	EndGlobalSection
EndGlobal
